dependencies:
- name: postgresql
  repository: https://charts.bitnami.com/bitnami
  version: 16.4.1
- name: redis
  repository: https://charts.bitnami.com/bitnami
  version: 20.6.2
- name: replicated
  repository: oci://registry.replicated.com/library
  version: 1.19.0
digest: sha256:53ec16cb2b2f11d9b1dafcf468650ba4bba2e32118d56c82e6b6cddb79f6ff65
generated: "2026-04-07T12:54:52.487641-05:00"
